
Microsoft Visual Studio Solution File, Format Version 12.00
# Visual Studio Version 17
VisualStudioVersion = 17.11.35327.3
MinimumVisualStudioVersion = 10.0.40219.1
Project("{FAE04EC0-301F-11D3-BF4B-00C04F79EFBC}") = "InventoryService2", "InventoryService2.csproj", "{EB133D21-E253-488E-B65D-4CF300A8AED0}"
EndProject
Global
	GlobalSection(SolutionConfigurationPlatforms) = preSolution
		Debug|Any CPU = Debug|Any CPU
		Release|Any CPU = Release|Any CPU
	EndGlobalSection
	GlobalSection(ProjectConfigurationPlatforms) = postSolution
		{EB133D21-E253-488E-B65D-4CF300A8AED0}.Debug|Any CPU.ActiveCfg = Debug|Any CPU
		{EB133D21-E253-488E-B65D-4CF300A8AED0}.Debug|Any CPU.Build.0 = Debug|Any CPU
		{EB133D21-E253-488E-B65D-4CF300A8AED0}.Release|Any CPU.ActiveCfg = Release|Any CPU
		{EB133D21-E253-488E-B65D-4CF300A8AED0}.Release|Any CPU.Build.0 = Release|Any CPU
	EndGlobalSection
	GlobalSection(SolutionProperties) = preSolution
		HideSolutionNode = FALSE
	EndGlobalSection
	GlobalSection(ExtensibilityGlobals) = postSolution
		SolutionGuid = {A429CCA3-AAE1-4CFA-8614-61B0A7C88EA2}
	EndGlobalSection
EndGlobal
